
Microsoft Visual Studio Solution File, Format Version 12.00
# Visual Studio Version 16
VisualStudioVersion = 16.0.29519.87
MinimumVisualStudioVersion = 10.0.40219.1
Project("{FAE04EC0-301F-11D3-BF4B-00C04F79EFBC}") = "NBrightBuy", "NBrightBuy.csproj", "{8F850303-BEC5-4247-9126-1E58F1402205}"
EndProject
Project("{FAE04EC0-301F-11D3-BF4B-00C04F79EFBC}") = "EventProvider", "Providers\EventProvider\EventProvider.csproj", "{747FC12A-3C5B-495E-90A6-47E999E16AAA}"
EndProject
Project("{FAE04EC0-301F-11D3-BF4B-00C04F79EFBC}") = "PromoProvider", "Providers\PromoProvider\PromoProvider.csproj", "{3F96B553-3FDE-4F11-B7AD-E6D45A755327}"
EndProject
Project("{FAE04EC0-301F-11D3-BF4B-00C04F79EFBC}") = "ShippingProvider", "Providers\ShippingProvider\ShippingProvider.csproj", "{930EFF5B-5B7B-4FC3-BC0F-7E4E8077E952}"
EndProject
Project("{FAE04EC0-301F-11D3-BF4B-00C04F79EFBC}") = "TaxProvider", "Providers\TaxProvider\TaxProvider.csproj", "{0BAF630B-7B63-4769-BBD1-8E2F1162945A}"
EndProject
Project("{FAE04EC0-301F-11D3-BF4B-00C04F79EFBC}") = "ManualPaymentProvider", "Providers\ManualPaymentProvider\ManualPaymentProvider.csproj", "{88B7B5F9-09F2-4EF5-96C1-A4665A3B6832}"
EndProject
Project("{FAE04EC0-301F-11D3-BF4B-00C04F79EFBC}") = "DiscountCodesProvider", "Providers\DiscountCodesProvider\DiscountCodesProvider.csproj", "{A634CB2D-946E-4C73-B7DC-0677CE5AA7D0}"
EndProject
Project("{2150E333-8FDC-42A3-9474-1A3956D46DE8}") = "Solution Items", "Solution Items", "{3F7C3DDA-C643-40C8-B411-99C6C8AF5ED6}"
	ProjectSection(SolutionItems) = preProject
		..\..\..\..\Websites\OpenStore\www.agrilisa.com\Install\Portals\0\Themes\Default\Default\CheckoutAddress.cshtml = ..\..\..\..\Websites\OpenStore\www.agrilisa.com\Install\Portals\0\Themes\Default\Default\CheckoutAddress.cshtml
	EndProjectSection
EndProject
Project("{FAE04EC0-301F-11D3-BF4B-00C04F79EFBC}") = "NBrightDNN", "..\NBrightData\NBrightDNN.csproj", "{EC815D38-62CF-4B46-8177-CF40CE1AAB62}"
EndProject
Project("{FAE04EC0-301F-11D3-BF4B-00C04F79EFBC}") = "NBrightCore", "..\NBrightData\NBrightCore\NBrightCore.csproj", "{7B338113-6A9A-484D-A6C6-4D63FD5E58C6}"
EndProject
Global
	GlobalSection(SolutionConfigurationPlatforms) = preSolution
		Debug|Any CPU = Debug|Any CPU
		Razor|Any CPU = Razor|Any CPU
		Release|Any CPU = Release|Any CPU
	EndGlobalSection
	GlobalSection(ProjectConfigurationPlatforms) = postSolution
		{8F850303-BEC5-4247-9126-1E58F1402205}.Debug|Any CPU.ActiveCfg = Debug|Any CPU
		{8F850303-BEC5-4247-9126-1E58F1402205}.Debug|Any CPU.Build.0 = Debug|Any CPU
		{8F850303-BEC5-4247-9126-1E58F1402205}.Razor|Any CPU.ActiveCfg = Razor|Any CPU
		{8F850303-BEC5-4247-9126-1E58F1402205}.Release|Any CPU.ActiveCfg = Release|Any CPU
		{8F850303-BEC5-4247-9126-1E58F1402205}.Release|Any CPU.Build.0 = Release|Any CPU
		{747FC12A-3C5B-495E-90A6-47E999E16AAA}.Debug|Any CPU.ActiveCfg = Debug|Any CPU
		{747FC12A-3C5B-495E-90A6-47E999E16AAA}.Razor|Any CPU.ActiveCfg = Razor|Any CPU
		{747FC12A-3C5B-495E-90A6-47E999E16AAA}.Release|Any CPU.ActiveCfg = Release|Any CPU
		{3F96B553-3FDE-4F11-B7AD-E6D45A755327}.Debug|Any CPU.ActiveCfg = Debug|Any CPU
		{3F96B553-3FDE-4F11-B7AD-E6D45A755327}.Razor|Any CPU.ActiveCfg = Razor|Any CPU
		{3F96B553-3FDE-4F11-B7AD-E6D45A755327}.Release|Any CPU.ActiveCfg = Release|Any CPU
		{930EFF5B-5B7B-4FC3-BC0F-7E4E8077E952}.Debug|Any CPU.ActiveCfg = Debug|Any CPU
		{930EFF5B-5B7B-4FC3-BC0F-7E4E8077E952}.Razor|Any CPU.ActiveCfg = Razor|Any CPU
		{930EFF5B-5B7B-4FC3-BC0F-7E4E8077E952}.Release|Any CPU.ActiveCfg = Release|Any CPU
		{0BAF630B-7B63-4769-BBD1-8E2F1162945A}.Debug|Any CPU.ActiveCfg = Debug|Any CPU
		{0BAF630B-7B63-4769-BBD1-8E2F1162945A}.Razor|Any CPU.ActiveCfg = Razor|Any CPU
		{0BAF630B-7B63-4769-BBD1-8E2F1162945A}.Release|Any CPU.ActiveCfg = Release|Any CPU
		{88B7B5F9-09F2-4EF5-96C1-A4665A3B6832}.Debug|Any CPU.ActiveCfg = Debug|Any CPU
		{88B7B5F9-09F2-4EF5-96C1-A4665A3B6832}.Razor|Any CPU.ActiveCfg = Razor|Any CPU
		{88B7B5F9-09F2-4EF5-96C1-A4665A3B6832}.Release|Any CPU.ActiveCfg = Release|Any CPU
		{A634CB2D-946E-4C73-B7DC-0677CE5AA7D0}.Debug|Any CPU.ActiveCfg = Debug|Any CPU
		{A634CB2D-946E-4C73-B7DC-0677CE5AA7D0}.Razor|Any CPU.ActiveCfg = Razor|Any CPU
		{A634CB2D-946E-4C73-B7DC-0677CE5AA7D0}.Release|Any CPU.ActiveCfg = Release|Any CPU
		{EC815D38-62CF-4B46-8177-CF40CE1AAB62}.Debug|Any CPU.ActiveCfg = Debug|Any CPU
		{EC815D38-62CF-4B46-8177-CF40CE1AAB62}.Debug|Any CPU.Build.0 = Debug|Any CPU
		{EC815D38-62CF-4B46-8177-CF40CE1AAB62}.Razor|Any CPU.ActiveCfg = Release|Any CPU
		{EC815D38-62CF-4B46-8177-CF40CE1AAB62}.Razor|Any CPU.Build.0 = Release|Any CPU
		{EC815D38-62CF-4B46-8177-CF40CE1AAB62}.Release|Any CPU.ActiveCfg = Release|Any CPU
		{EC815D38-62CF-4B46-8177-CF40CE1AAB62}.Release|Any CPU.Build.0 = Release|Any CPU
		{7B338113-6A9A-484D-A6C6-4D63FD5E58C6}.Debug|Any CPU.ActiveCfg = Debug|Any CPU
		{7B338113-6A9A-484D-A6C6-4D63FD5E58C6}.Debug|Any CPU.Build.0 = Debug|Any CPU
		{7B338113-6A9A-484D-A6C6-4D63FD5E58C6}.Razor|Any CPU.ActiveCfg = Release|Any CPU
		{7B338113-6A9A-484D-A6C6-4D63FD5E58C6}.Razor|Any CPU.Build.0 = Release|Any CPU
		{7B338113-6A9A-484D-A6C6-4D63FD5E58C6}.Release|Any CPU.ActiveCfg = Release|Any CPU
		{7B338113-6A9A-484D-A6C6-4D63FD5E58C6}.Release|Any CPU.Build.0 = Release|Any CPU
	EndGlobalSection
	GlobalSection(SolutionProperties) = preSolution
		HideSolutionNode = FALSE
	EndGlobalSection
	GlobalSection(ExtensibilityGlobals) = postSolution
		SolutionGuid = {DB6740C0-7D0A-4201-8388-0536BDD527E6}
	EndGlobalSection
EndGlobal
